schema: '2.0'
stages:
  download:
    cmd: bash src/download.sh
    outs:
    - path: data/raw/
      hash: md5
      md5: 1ce2ec48c982f741506979da001887cf.dir
      size: 3370587
      nfiles: 2
  preprocess:
    cmd: pip install pandas && python src/preprocess.py
    deps:
    - path: data/raw/
      hash: md5
      md5: 1ce2ec48c982f741506979da001887cf.dir
      size: 3370587
      nfiles: 2
    outs:
    - path: data/preprocessed/
      hash: md5
      md5: 64fe193e5f444486bbcc95d1d6b0ee7b.dir
      size: 2649334
      nfiles: 1